
Microsoft Visual Studio Solution File, Format Version 12.00
# Visual Studio Version 17
VisualStudioVersion = 17.13.35931.197 d17.13
MinimumVisualStudioVersion = 10.0.40219.1
Project("{FAE04EC0-301F-11D3-BF4B-00C04F79EFBC}") = "SignalAnalyze", "SignalAnalyze\SignalAnalyze.csproj", "{FAA8143F-4B43-49FC-ADC4-B543EDF0B90B}"
EndProject
Global
	GlobalSection(SolutionConfigurationPlatforms) = preSolution
		Debug|Any CPU = Debug|Any CPU
		Release|Any CPU = Release|Any CPU
	EndGlobalSection
	GlobalSection(ProjectConfigurationPlatforms) = postSolution
		{FAA8143F-4B43-49FC-ADC4-B543EDF0B90B}.Debug|Any CPU.ActiveCfg = Debug|Any CPU
		{FAA8143F-4B43-49FC-ADC4-B543EDF0B90B}.Debug|Any CPU.Build.0 = Debug|Any CPU
		{FAA8143F-4B43-49FC-ADC4-B543EDF0B90B}.Release|Any CPU.ActiveCfg = Release|Any CPU
		{FAA8143F-4B43-49FC-ADC4-B543EDF0B90B}.Release|Any CPU.Build.0 = Release|Any CPU
	EndGlobalSection
	GlobalSection(SolutionProperties) = preSolution
		HideSolutionNode = FALSE
	EndGlobalSection
	GlobalSection(ExtensibilityGlobals) = postSolution
		SolutionGuid = {009F2CF2-0C0E-41B2-A0E6-6FDECF9822A2}
	EndGlobalSection
EndGlobal
